
Microsoft Visual Studio Solution File, Format Version 12.00
# Visual Studio Version 17
VisualStudioVersion = 17.5.002.0
MinimumVisualStudioVersion = 10.0.40219.1
Project("{9A19103F-16F7-4668-BE54-9A1E7A4F7556}") = "AdminService", "AdminService\AdminService.csproj", "{EA0787C6-E8E1-4B43-96BD-00079829E867}"
EndProject
Project("{9A19103F-16F7-4668-BE54-9A1E7A4F7556}") = "ApiGateway", "ApiGateway\ApiGateway.csproj", "{390595DA-DDE7-4481-AA25-7416AD17F1B7}"
EndProject
Project("{9A19103F-16F7-4668-BE54-9A1E7A4F7556}") = "AuthService", "AuthService\AuthService.csproj", "{5750ADCE-6BDD-4503-84BC-8DF3D4E3E247}"
EndProject
Project("{9A19103F-16F7-4668-BE54-9A1E7A4F7556}") = "ProductDetailService", "ProductDetailService\ProductDetailService.csproj", "{AD489539-E176-4E8D-B676-30614EA07B0A}"
EndProject
Project("{9A19103F-16F7-4668-BE54-9A1E7A4F7556}") = "UserService", "UserService\UserService.csproj", "{C3244F54-05BF-4E0D-A4B7-C4C875026D0D}"
EndProject
Global
	GlobalSection(SolutionConfigurationPlatforms) = preSolution
		Debug|Any CPU = Debug|Any CPU
		Release|Any CPU = Release|Any CPU
	EndGlobalSection
	GlobalSection(ProjectConfigurationPlatforms) = postSolution
		{EA0787C6-E8E1-4B43-96BD-00079829E867}.Debug|Any CPU.ActiveCfg = Debug|Any CPU
		{EA0787C6-E8E1-4B43-96BD-00079829E867}.Debug|Any CPU.Build.0 = Debug|Any CPU
		{EA0787C6-E8E1-4B43-96BD-00079829E867}.Release|Any CPU.ActiveCfg = Release|Any CPU
		{EA0787C6-E8E1-4B43-96BD-00079829E867}.Release|Any CPU.Build.0 = Release|Any CPU
		{390595DA-DDE7-4481-AA25-7416AD17F1B7}.Debug|Any CPU.ActiveCfg = Debug|Any CPU
		{390595DA-DDE7-4481-AA25-7416AD17F1B7}.Debug|Any CPU.Build.0 = Debug|Any CPU
		{390595DA-DDE7-4481-AA25-7416AD17F1B7}.Release|Any CPU.ActiveCfg = Release|Any CPU
		{390595DA-DDE7-4481-AA25-7416AD17F1B7}.Release|Any CPU.Build.0 = Release|Any CPU
		{5750ADCE-6BDD-4503-84BC-8DF3D4E3E247}.Debug|Any CPU.ActiveCfg = Debug|Any CPU
		{5750ADCE-6BDD-4503-84BC-8DF3D4E3E247}.Debug|Any CPU.Build.0 = Debug|Any CPU
		{5750ADCE-6BDD-4503-84BC-8DF3D4E3E247}.Release|Any CPU.ActiveCfg = Release|Any CPU
		{5750ADCE-6BDD-4503-84BC-8DF3D4E3E247}.Release|Any CPU.Build.0 = Release|Any CPU
		{AD489539-E176-4E8D-B676-30614EA07B0A}.Debug|Any CPU.ActiveCfg = Debug|Any CPU
		{AD489539-E176-4E8D-B676-30614EA07B0A}.Debug|Any CPU.Build.0 = Debug|Any CPU
		{AD489539-E176-4E8D-B676-30614EA07B0A}.Release|Any CPU.ActiveCfg = Release|Any CPU
		{AD489539-E176-4E8D-B676-30614EA07B0A}.Release|Any CPU.Build.0 = Release|Any CPU
		{C3244F54-05BF-4E0D-A4B7-C4C875026D0D}.Debug|Any CPU.ActiveCfg = Debug|Any CPU
		{C3244F54-05BF-4E0D-A4B7-C4C875026D0D}.Debug|Any CPU.Build.0 = Debug|Any CPU
		{C3244F54-05BF-4E0D-A4B7-C4C875026D0D}.Release|Any CPU.ActiveCfg = Release|Any CPU
		{C3244F54-05BF-4E0D-A4B7-C4C875026D0D}.Release|Any CPU.Build.0 = Release|Any CPU
	EndGlobalSection
	GlobalSection(SolutionProperties) = preSolution
		HideSolutionNode = FALSE
	EndGlobalSection
	GlobalSection(ExtensibilityGlobals) = postSolution
		SolutionGuid = {0569628C-5EE9-46D1-8A94-01A0C91FDB99}
	EndGlobalSection
EndGlobal
